// !$*UTF8*$!
{
	archiveVersion = 1;
	classes = {
	};
	objectVersion = 52;
	objects = {

/* Begin PBXBuildFile section */
		EDC438F6244CE0C20080D8C2 /* APIResponseStatus.swift in Sources */ = {isa = PBXBuildFile; fileRef = EDC438F4244CE0C20080D8C2 /* APIResponseStatus.swift */; };
		EDC438F7244CE0C20080D8C2 /* APIRequest.swift in Sources */ = {isa = PBXBuildFile; fileRef = EDC438F5244CE0C20080D8C2 /* APIRequest.swift */; };
		EDC438FE244CE0EF0080D8C2 /* UploadViewController.swift in Sources */ = {isa = PBXBuildFile; fileRef = EDC438FB244CE0EE0080D8C2 /* UploadViewController.swift */; };
		EDC438FF244CE0EF0080D8C2 /* HistoryTableViewController.swift in Sources */ = {isa = PBXBuildFile; fileRef = EDC438FC244CE0EF0080D8C2 /* HistoryTableViewController.swift */; };
		EDC43900244CE0EF0080D8C2 /* TabBarController.swift in Sources */ = {isa = PBXBuildFile; fileRef = EDC438FD244CE0EF0080D8C2 /* TabBarController.swift */; };
		EDC43904244CE1080080D8C2 /* UIColorExtension.swift in Sources */ = {isa = PBXBuildFile; fileRef = EDC43902244CE1080080D8C2 /* UIColorExtension.swift */; };
		EDC43905244CE1080080D8C2 /* StringExtension.swift in Sources */ = {isa = PBXBuildFile; fileRef = EDC43903244CE1080080D8C2 /* StringExtension.swift */; };
		EDC4390A244CE11A0080D8C2 /* SubtitleTableViewCell.swift in Sources */ = {isa = PBXBuildFile; fileRef = EDC43907244CE1190080D8C2 /* SubtitleTableViewCell.swift */; };
		EDC4390B244CE11A0080D8C2 /* AppDelegate.swift in Sources */ = {isa = PBXBuildFile; fileRef = EDC43908244CE1190080D8C2 /* AppDelegate.swift */; };
		EDC4390C244CE11A0080D8C2 /* Database.swift in Sources */ = {isa = PBXBuildFile; fileRef = EDC43909244CE11A0080D8C2 /* Database.swift */; };
		EDC43913244CE29A0080D8C2 /* SQLite in Frameworks */ = {isa = PBXBuildFile; productRef = EDC43912244CE29A0080D8C2 /* SQLite */; };
		EDC43918244CE4CA0080D8C2 /* LaunchScreen.storyboard in Resources */ = {isa = PBXBuildFile; fileRef = EDC4390F244CE14E0080D8C2 /* LaunchScreen.storyboard */; };
		EDDC52AC244CE7D30099AA5F /* Assets.xcassets in Resources */ = {isa = PBXBuildFile; fileRef = EDC438F8244CE0D60080D8C2 /* Assets.xcassets */; };
		EDDC52B0244CE8270099AA5F /* Localizable.strings in Resources */ = {isa = PBXBuildFile; fileRef = EDDC52B2244CE8270099AA5F /* Localizable.strings */; };
/* End PBXBuildFile section */

/* Begin PBXFileReference section */
		EDC438B8244CE0350080D8C2 /* HiberFile.app */ = {isa = PBXFileReference; explicitFileType = wrapper.application; includeInIndex = 0; path = HiberFile.app; sourceTree = BUILT_PRODUCTS_DIR; };
		EDC438EB244CE07C0080D8C2 /* HiberFile.entitlements */ = {isa = PBXFileReference; fileEncoding = 4; lastKnownFileType = text.plist.entitlements; path = HiberFile.entitlements; sourceTree = "<group>"; };
		EDC438F4244CE0C20080D8C2 /* APIResponseStatus.swift */ = {isa = PBXFileReference; fileEncoding = 4; lastKnownFileType = sourcecode.swift; path = APIResponseStatus.swift; sourceTree = "<group>"; };
		EDC438F5244CE0C20080D8C2 /* APIRequest.swift */ = {isa = PBXFileReference; fileEncoding = 4; lastKnownFileType = sourcecode.swift; path = APIRequest.swift; sourceTree = "<group>"; };
		EDC438F8244CE0D60080D8C2 /* Assets.xcassets */ = {isa = PBXFileReference; lastKnownFileType = folder.assetcatalog; path = Assets.xcassets; sourceTree = "<group>"; };
		EDC438FB244CE0EE0080D8C2 /* UploadViewController.swift */ = {isa = PBXFileReference; fileEncoding = 4; lastKnownFileType = sourcecode.swift; path = UploadViewController.swift; sourceTree = "<group>"; };
		EDC438FC244CE0EF0080D8C2 /* HistoryTableViewController.swift */ = {isa = PBXFileReference; fileEncoding = 4; lastKnownFileType = sourcecode.swift; path = HistoryTableViewController.swift; sourceTree = "<group>"; };
		EDC438FD244CE0EF0080D8C2 /* TabBarController.swift */ = {isa = PBXFileReference; fileEncoding = 4; lastKnownFileType = sourcecode.swift; path = TabBarController.swift; sourceTree = "<group>"; };
		EDC43902244CE1080080D8C2 /* UIColorExtension.swift */ = {isa = PBXFileReference; fileEncoding = 4; lastKnownFileType = sourcecode.swift; path = UIColorExtension.swift; sourceTree = "<group>"; };
		EDC43903244CE1080080D8C2 /* StringExtension.swift */ = {isa = PBXFileReference; fileEncoding = 4; lastKnownFileType = sourcecode.swift; path = StringExtension.swift; sourceTree = "<group>"; };
		EDC43907244CE1190080D8C2 /* SubtitleTableViewCell.swift */ = {isa = PBXFileReference; fileEncoding = 4; lastKnownFileType = sourcecode.swift; path = SubtitleTableViewCell.swift; sourceTree = "<group>"; };
		EDC43908244CE1190080D8C2 /* AppDelegate.swift */ = {isa = PBXFileReference; fileEncoding = 4; lastKnownFileType = sourcecode.swift; path = AppDelegate.swift; sourceTree = "<group>"; };
		EDC43909244CE11A0080D8C2 /* Database.swift */ = {isa = PBXFileReference; fileEncoding = 4; lastKnownFileType = sourcecode.swift; path = Database.swift; sourceTree = "<group>"; };
		EDC4390F244CE14E0080D8C2 /* LaunchScreen.storyboard */ = {isa = PBXFileReference; fileEncoding = 4; lastKnownFileType = file.storyboard; path = LaunchScreen.storyboard; sourceTree = "<group>"; };
		EDC43916244CE4140080D8C2 /* Info.plist */ = {isa = PBXFileReference; lastKnownFileType = text.plist.xml; path = Info.plist; sourceTree = "<group>"; };
		EDDC52B1244CE8270099AA5F /* en */ = {isa = PBXFileReference; lastKnownFileType = text.plist.strings; name = en; path = en.lproj/Localizable.strings; sourceTree = "<group>"; };
		EDDC52B3244CE82B0099AA5F /* fr */ = {isa = PBXFileReference; lastKnownFileType = text.plist.strings; name = fr; path = fr.lproj/Localizable.strings; sourceTree = "<group>"; };
		EDDC52B4244CE82C0099AA5F /* es */ = {isa = PBXFileReference; lastKnownFileType = text.plist.strings; name = es; path = es.lproj/Localizable.strings; sourceTree = "<group>"; };
/* End PBXFileReference section */

/* Begin PBXFrameworksBuildPhase section */
		EDC438B5244CE0350080D8C2 /* Frameworks */ = {
			isa = PBXFrameworksBuildPhase;
			buildActionMask = 2147483647;
			files = (
				EDC43913244CE29A0080D8C2 /* SQLite in Frameworks */,
			);
			runOnlyForDeploymentPostprocessing = 0;
		};
/* End PBXFrameworksBuildPhase section */

/* Begin PBXGroup section */
		6A3F4FD8244BAFEA0052EB7D = {
			isa = PBXGroup;
			children = (
				EDC438B9244CE0350080D8C2 /* HiberFile */,
				6A3F4FE2244BAFEA0052EB7D /* Products */,
				EDC43911244CE29A0080D8C2 /* Frameworks */,
			);
			sourceTree = "<group>";
		};
		6A3F4FE2244BAFEA0052EB7D /* Products */ = {
			isa = PBXGroup;
			children = (
				EDC438B8244CE0350080D8C2 /* HiberFile.app */,
			);
			name = Products;
			sourceTree = "<group>";
		};
		EDC438B9244CE0350080D8C2 /* HiberFile */ = {
			isa = PBXGroup;
			children = (
				EDC438EE244CE09E0080D8C2 /* API */,
				EDC438FA244CE0E20080D8C2 /* Controllers */,
				EDC43906244CE1100080D8C2 /* Utils */,
				EDC43901244CE0FF0080D8C2 /* Extensions */,
				EDDC52B2244CE8270099AA5F /* Localizable.strings */,
				EDC438F8244CE0D60080D8C2 /* Assets.xcassets */,
				EDC438EB244CE07C0080D8C2 /* HiberFile.entitlements */,
				EDC43916244CE4140080D8C2 /* Info.plist */,
				EDC4390F244CE14E0080D8C2 /* LaunchScreen.storyboard */,
			);
			path = HiberFile;
			sourceTree = "<group>";
		};
		EDC438EE244CE09E0080D8C2 /* API */ = {
			isa = PBXGroup;
			children = (
				EDC438F5244CE0C20080D8C2 /* APIRequest.swift */,
				EDC438F4244CE0C20080D8C2 /* APIResponseStatus.swift */,
			);
			path = API;
			sourceTree = "<group>";
		};
		EDC438FA244CE0E20080D8C2 /* Controllers */ = {
			isa = PBXGroup;
			children = (
				EDC438FC244CE0EF0080D8C2 /* HistoryTableViewController.swift */,
				EDC438FD244CE0EF0080D8C2 /* TabBarController.swift */,
				EDC438FB244CE0EE0080D8C2 /* UploadViewController.swift */,
			);
			path = Controllers;
			sourceTree = "<group>";
		};
		EDC43901244CE0FF0080D8C2 /* Extensions */ = {
			isa = PBXGroup;
			children = (
				EDC43903244CE1080080D8C2 /* StringExtension.swift */,
				EDC43902244CE1080080D8C2 /* UIColorExtension.swift */,
			);
			path = Extensions;
			sourceTree = "<group>";
		};
		EDC43906244CE1100080D8C2 /* Utils */ = {
			isa = PBXGroup;
			children = (
				EDC43908244CE1190080D8C2 /* AppDelegate.swift */,
				EDC43909244CE11A0080D8C2 /* Database.swift */,
				EDC43907244CE1190080D8C2 /* SubtitleTableViewCell.swift */,
			);
			path = Utils;
			sourceTree = "<group>";
		};
		EDC43911244CE29A0080D8C2 /* Frameworks */ = {
			isa = PBXGroup;
			children = (
			);
			name = Frameworks;
			sourceTree = "<group>";
		};
/* End PBXGroup section */

/* Begin PBXNativeTarget section */
		EDC438B7244CE0350080D8C2 /* HiberFile */ = {
			isa = PBXNativeTarget;
			buildConfigurationList = EDC438E2244CE0360080D8C2 /* Build configuration list for PBXNativeTarget "HiberFile" */;
			buildPhases = (
				EDC438B4244CE0350080D8C2 /* Sources */,
				EDC438B5244CE0350080D8C2 /* Frameworks */,
				EDC438B6244CE0350080D8C2 /* Resources */,
			);
			buildRules = (
			);
			dependencies = (
			);
			name = HiberFile;
			packageProductDependencies = (
				EDC43912244CE29A0080D8C2 /* SQLite */,
			);
			productName = HiberFile;
			productReference = EDC438B8244CE0350080D8C2 /* HiberFile.app */;
			productType = "com.apple.product-type.application";
		};
/* End PBXNativeTarget section */

/* Begin PBXProject section */
		6A3F4FD9244BAFEA0052EB7D /* Project object */ = {
			isa = PBXProject;
			attributes = {
				LastSwiftUpdateCheck = 1140;
				LastUpgradeCheck = 1140;
				ORGANIZATIONNAME = "Nathan FALLET";
				TargetAttributes = {
					EDC438B7244CE0350080D8C2 = {
						CreatedOnToolsVersion = 11.4.1;
						LastSwiftMigration = 1140;
					};
				};
			};
			buildConfigurationList = 6A3F4FDC244BAFEA0052EB7D /* Build configuration list for PBXProject "HiberFile" */;
			compatibilityVersion = "Xcode 10.0";
			developmentRegion = en;
			hasScannedForEncodings = 0;
			knownRegions = (
				en,
				Base,
				fr,
				es,
			);
			mainGroup = 6A3F4FD8244BAFEA0052EB7D;
			packageReferences = (
				6AB0B540244BC08700E403AE /* XCRemoteSwiftPackageReference "SQLite.swift" */,
			);
			productRefGroup = 6A3F4FE2244BAFEA0052EB7D /* Products */;
			projectDirPath = "";
			projectRoot = "";
			targets = (
				EDC438B7244CE0350080D8C2 /* HiberFile */,
			);
		};
/* End PBXProject section */

/* Begin PBXResourcesBuildPhase section */
		EDC438B6244CE0350080D8C2 /* Resources */ = {
			isa = PBXResourcesBuildPhase;
			buildActionMask = 2147483647;
			files = (
				EDDC52AC244CE7D30099AA5F /* Assets.xcassets in Resources */,
				EDDC52B0244CE8270099AA5F /* Localizable.strings in Resources */,
				EDC43918244CE4CA0080D8C2 /* LaunchScreen.storyboard in Resources */,
			);
			runOnlyForDeploymentPostprocessing = 0;
		};
/* End PBXResourcesBuildPhase section */

/* Begin PBXSourcesBuildPhase section */
		EDC438B4244CE0350080D8C2 /* Sources */ = {
			isa = PBXSourcesBuildPhase;
			buildActionMask = 2147483647;
			files = (
				EDC438FF244CE0EF0080D8C2 /* HistoryTableViewController.swift in Sources */,
				EDC43905244CE1080080D8C2 /* StringExtension.swift in Sources */,
				EDC438F7244CE0C20080D8C2 /* APIRequest.swift in Sources */,
				EDC4390B244CE11A0080D8C2 /* AppDelegate.swift in Sources */,
				EDC438FE244CE0EF0080D8C2 /* UploadViewController.swift in Sources */,
				EDC43900244CE0EF0080D8C2 /* TabBarController.swift in Sources */,
				EDC4390A244CE11A0080D8C2 /* SubtitleTableViewCell.swift in Sources */,
				EDC438F6244CE0C20080D8C2 /* APIResponseStatus.swift in Sources */,
				EDC4390C244CE11A0080D8C2 /* Database.swift in Sources */,
				EDC43904244CE1080080D8C2 /* UIColorExtension.swift in Sources */,
			);
			runOnlyForDeploymentPostprocessing = 0;
		};
/* End PBXSourcesBuildPhase section */

/* Begin PBXVariantGroup section */
		EDDC52B2244CE8270099AA5F /* Localizable.strings */ = {
			isa = PBXVariantGroup;
			children = (
				EDDC52B1244CE8270099AA5F /* en */,
				EDDC52B3244CE82B0099AA5F /* fr */,
				EDDC52B4244CE82C0099AA5F /* es */,
			);
			name = Localizable.strings;
			sourceTree = "<group>";
		};
/* End PBXVariantGroup section */

/* Begin XCBuildConfiguration section */
		6A3F4FF3244BAFEE0052EB7D /* Debug */ = {
			isa = XCBuildConfiguration;
			buildSettings = {
				ALWAYS_SEARCH_USER_PATHS = NO;
				CLANG_ANALYZER_LOCALIZABILITY_NONLOCALIZED = YES;
				CLANG_ANALYZER_NONNULL = YES;
				CLANG_ANALYZER_NUMBER_OBJECT_CONVERSION = YES_AGGRESSIVE;
				CLANG_CXX_LANGUAGE_STANDARD = "gnu++14";
				CLANG_CXX_LIBRARY = "libc++";
				CLANG_ENABLE_MODULES = YES;
				CLANG_ENABLE_OBJC_ARC = YES;
				CLANG_ENABLE_OBJC_WEAK = YES;
				CLANG_WARN_BLOCK_CAPTURE_AUTORELEASING = YES;
				CLANG_WARN_BOOL_CONVERSION = YES;
				CLANG_WARN_COMMA = YES;
				CLANG_WARN_CONSTANT_CONVERSION = YES;
				CLANG_WARN_DEPRECATED_OBJC_IMPLEMENTATIONS = YES;
				CLANG_WARN_DIRECT_OBJC_ISA_USAGE = YES_ERROR;
				CLANG_WARN_DOCUMENTATION_COMMENTS = YES;
				CLANG_WARN_EMPTY_BODY = YES;
				CLANG_WARN_ENUM_CONVERSION = YES;
				CLANG_WARN_INFINITE_RECURSION = YES;
				CLANG_WARN_INT_CONVERSION = YES;
				CLANG_WARN_NON_LITERAL_NULL_CONVERSION = YES;
				CLANG_WARN_OBJC_IMPLICIT_RETAIN_SELF = YES;
				CLANG_WARN_OBJC_LITERAL_CONVERSION = YES;
				CLANG_WARN_OBJC_ROOT_CLASS = YES_ERROR;
				CLANG_WARN_RANGE_LOOP_ANALYSIS = YES;
				CLANG_WARN_STRICT_PROTOTYPES = YES;
				CLANG_WARN_SUSPICIOUS_MOVE = YES;
				CLANG_WARN_UNGUARDED_AVAILABILITY = YES_AGGRESSIVE;
				CLANG_WARN_UNREACHABLE_CODE = YES;
				CLANG_WARN__DUPLICATE_METHOD_MATCH = YES;
				COPY_PHASE_STRIP = NO;
				DEBUG_INFORMATION_FORMAT = dwarf;
				ENABLE_STRICT_OBJC_MSGSEND = YES;
				ENABLE_TESTABILITY = YES;
				GCC_C_LANGUAGE_STANDARD = gnu11;
				GCC_DYNAMIC_NO_PIC = NO;
				GCC_NO_COMMON_BLOCKS = YES;
				GCC_OPTIMIZATION_LEVEL = 0;
				GCC_PREPROCESSOR_DEFINITIONS = (
					"DEBUG=1",
					"$(inherited)",
				);
				GCC_WARN_64_TO_32_BIT_CONVERSION = YES;
				GCC_WARN_ABOUT_RETURN_TYPE = YES_ERROR;
				GCC_WARN_UNDECLARED_SELECTOR = YES;
				GCC_WARN_UNINITIALIZED_AUTOS = YES_AGGRESSIVE;
				GCC_WARN_UNUSED_FUNCTION = YES;
				GCC_WARN_UNUSED_VARIABLE = YES;
				IPHONEOS_DEPLOYMENT_TARGET = 13.4;
				MTL_ENABLE_DEBUG_INFO = INCLUDE_SOURCE;
				MTL_FAST_MATH = YES;
				ONLY_ACTIVE_ARCH = YES;
				SDKROOT = iphoneos;
				SWIFT_ACTIVE_COMPILATION_CONDITIONS = DEBUG;
				SWIFT_OPTIMIZATION_LEVEL = "-Onone";
			};
			name = Debug;
		};
		6A3F4FF4244BAFEE0052EB7D /* Release */ = {
			isa = XCBuildConfiguration;
			buildSettings = {
				ALWAYS_SEARCH_USER_PATHS = NO;
				CLANG_ANALYZER_LOCALIZABILITY_NONLOCALIZED = YES;
				CLANG_ANALYZER_NONNULL = YES;
				CLANG_ANALYZER_NUMBER_OBJECT_CONVERSION = YES_AGGRESSIVE;
				CLANG_CXX_LANGUAGE_STANDARD = "gnu++14";
				CLANG_CXX_LIBRARY = "libc++";
				CLANG_ENABLE_MODULES = YES;
				CLANG_ENABLE_OBJC_ARC = YES;
				CLANG_ENABLE_OBJC_WEAK = YES;
				CLANG_WARN_BLOCK_CAPTURE_AUTORELEASING = YES;
				CLANG_WARN_BOOL_CONVERSION = YES;
				CLANG_WARN_COMMA = YES;
				CLANG_WARN_CONSTANT_CONVERSION = YES;
				CLANG_WARN_DEPRECATED_OBJC_IMPLEMENTATIONS = YES;
				CLANG_WARN_DIRECT_OBJC_ISA_USAGE = YES_ERROR;
				CLANG_WARN_DOCUMENTATION_COMMENTS = YES;
				CLANG_WARN_EMPTY_BODY = YES;
				CLANG_WARN_ENUM_CONVERSION = YES;
				CLANG_WARN_INFINITE_RECURSION = YES;
				CLANG_WARN_INT_CONVERSION = YES;
				CLANG_WARN_NON_LITERAL_NULL_CONVERSION = YES;
				CLANG_WARN_OBJC_IMPLICIT_RETAIN_SELF = YES;
				CLANG_WARN_OBJC_LITERAL_CONVERSION = YES;
				CLANG_WARN_OBJC_ROOT_CLASS = YES_ERROR;
				CLANG_WARN_RANGE_LOOP_ANALYSIS = YES;
				CLANG_WARN_STRICT_PROTOTYPES = YES;
				CLANG_WARN_SUSPICIOUS_MOVE = YES;
				CLANG_WARN_UNGUARDED_AVAILABILITY = YES_AGGRESSIVE;
				CLANG_WARN_UNREACHABLE_CODE = YES;
				CLANG_WARN__DUPLICATE_METHOD_MATCH = YES;
				COPY_PHASE_STRIP = NO;
				DEBUG_INFORMATION_FORMAT = "dwarf-with-dsym";
				ENABLE_NS_ASSERTIONS = NO;
				ENABLE_STRICT_OBJC_MSGSEND = YES;
				GCC_C_LANGUAGE_STANDARD = gnu11;
				GCC_NO_COMMON_BLOCKS = YES;
				GCC_WARN_64_TO_32_BIT_CONVERSION = YES;
				GCC_WARN_ABOUT_RETURN_TYPE = YES_ERROR;
				GCC_WARN_UNDECLARED_SELECTOR = YES;
				GCC_WARN_UNINITIALIZED_AUTOS = YES_AGGRESSIVE;
				GCC_WARN_UNUSED_FUNCTION = YES;
				GCC_WARN_UNUSED_VARIABLE = YES;
				IPHONEOS_DEPLOYMENT_TARGET = 13.4;
				MTL_ENABLE_DEBUG_INFO = NO;
				MTL_FAST_MATH = YES;
				SDKROOT = iphoneos;
				SWIFT_COMPILATION_MODE = wholemodule;
				SWIFT_OPTIMIZATION_LEVEL = "-O";
				VALIDATE_PRODUCT = YES;
			};
			name = Release;
		};
		EDC438E3244CE0360080D8C2 /* Debug */ = {
			isa = XCBuildConfiguration;
			buildSettings = {
				ASSETCATALOG_COMPILER_APPICON_NAME = AppIcon;
				CLANG_ENABLE_MODULES = YES;
				CODE_SIGN_ENTITLEMENTS = HiberFile/HiberFile.entitlements;
				CODE_SIGN_STYLE = Automatic;
				CREATE_INFOPLIST_SECTION_IN_BINARY = NO;
				CURRENT_PROJECT_VERSION = 5;
				DEVELOPMENT_TEAM = ZL9396WK65;
				INFOPLIST_FILE = HiberFile/Info.plist;
				IPHONEOS_DEPLOYMENT_TARGET = 9.0;
				LD_RUNPATH_SEARCH_PATHS = (
					"$(inherited)",
					"@executable_path/Frameworks",
				);
				MARKETING_VERSION = 1.1;
				PRECOMPS_INCLUDE_HEADERS_FROM_BUILT_PRODUCTS_DIR = NO;
				PRODUCT_BUNDLE_IDENTIFIER = me.nathanfallet.HiberFile;
				PRODUCT_NAME = HiberFile;
				SHARED_PRECOMPS_DIR = "";
				SUPPORTS_MACCATALYST = YES;
				SWIFT_OBJC_BRIDGING_HEADER = "";
				SWIFT_OPTIMIZATION_LEVEL = "-Onone";
				SWIFT_PRECOMPILE_BRIDGING_HEADER = NO;
				SWIFT_VERSION = 5.0;
				TARGETED_DEVICE_FAMILY = "1,2";
			};
			name = Debug;
		};
		EDC438E4244CE0360080D8C2 /* Release */ = {
			isa = XCBuildConfiguration;
			buildSettings = {
				ASSETCATALOG_COMPILER_APPICON_NAME = AppIcon;
				CLANG_ENABLE_MODULES = YES;
				CODE_SIGN_ENTITLEMENTS = HiberFile/HiberFile.entitlements;
				CODE_SIGN_STYLE = Automatic;
				CREATE_INFOPLIST_SECTION_IN_BINARY = NO;
				CURRENT_PROJECT_VERSION = 5;
				DEVELOPMENT_TEAM = ZL9396WK65;
				INFOPLIST_FILE = HiberFile/Info.plist;
				IPHONEOS_DEPLOYMENT_TARGET = 9.0;
				LD_RUNPATH_SEARCH_PATHS = (
					"$(inherited)",
					"@executable_path/Frameworks",
				);
				MARKETING_VERSION = 1.1;
				PRECOMPS_INCLUDE_HEADERS_FROM_BUILT_PRODUCTS_DIR = NO;
				PRODUCT_BUNDLE_IDENTIFIER = me.nathanfallet.HiberFile;
				PRODUCT_NAME = HiberFile;
				SHARED_PRECOMPS_DIR = "";
				SUPPORTS_MACCATALYST = YES;
				SWIFT_OBJC_BRIDGING_HEADER = "";
				SWIFT_PRECOMPILE_BRIDGING_HEADER = NO;
				SWIFT_VERSION = 5.0;
				TARGETED_DEVICE_FAMILY = "1,2";
			};
			name = Release;
		};
/* End XCBuildConfiguration section */

/* Begin XCConfigurationList section */
		6A3F4FDC244BAFEA0052EB7D /* Build configuration list for PBXProject "HiberFile" */ = {
			isa = XCConfigurationList;
			buildConfigurations = (
				6A3F4FF3244BAFEE0052EB7D /* Debug */,
				6A3F4FF4244BAFEE0052EB7D /* Release */,
			);
			defaultConfigurationIsVisible = 0;
			defaultConfigurationName = Release;
		};
		EDC438E2244CE0360080D8C2 /* Build configuration list for PBXNativeTarget "HiberFile" */ = {
			isa = XCConfigurationList;
			buildConfigurations = (
				EDC438E3244CE0360080D8C2 /* Debug */,
				EDC438E4244CE0360080D8C2 /* Release */,
			);
			defaultConfigurationIsVisible = 0;
			defaultConfigurationName = Release;
		};
/* End XCConfigurationList section */

/* Begin XCRemoteSwiftPackageReference section */
		6AB0B540244BC08700E403AE /* XCRemoteSwiftPackageReference "SQLite.swift" */ = {
			isa = XCRemoteSwiftPackageReference;
			repositoryURL = "https://github.com/stephencelis/SQLite.swift.git";
			requirement = {
				kind = upToNextMajorVersion;
				minimumVersion = 0.12.2;
			};
		};
/* End XCRemoteSwiftPackageReference section */

/* Begin XCSwiftPackageProductDependency section */
		EDC43912244CE29A0080D8C2 /* SQLite */ = {
			isa = XCSwiftPackageProductDependency;
			package = 6AB0B540244BC08700E403AE /* XCRemoteSwiftPackageReference "SQLite.swift" */;
			productName = SQLite;
		};
/* End XCSwiftPackageProductDependency section */
	};
	rootObject = 6A3F4FD9244BAFEA0052EB7D /* Project object */;
}
